{
	"name": "LP_Snapvision",
	"lockfileVersion": 3,
	"requires": true,
	"packages": {
		"": {
			"devDependencies": {
				"daisyui": "^5.0.23",
				"husky": "^9.1.7"
			}
		},
		"node_modules/.pnpm/daisyui@5.0.23/node_modules/daisyui": {
			"version": "5.0.23",
			"dev": true,
			"license": "MIT",
			"funding": {
				"url": "https://github.com/saadeghi/daisyui?sponsor=1"
			}
		},
		"node_modules/daisyui": {
			"resolved": "node_modules/.pnpm/daisyui@5.0.23/node_modules/daisyui",
			"link": true
		},
		"node_modules/husky": {
			"version": "9.1.7",
			"resolved": "https://registry.npmjs.org/husky/-/husky-9.1.7.tgz",
			"integrity": "sha512-5gs5ytaNjBrh5Ow3zrvdUUY+0VxIuWVL4i9irt6friV+BqdCfmV11CQTWMiBYWHbXhco+J1kHfTOUkePhCDvMA==",
			"dev": true,
			"license": "MIT",
			"bin": {
				"husky": "bin.js"
			},
			"engines": {
				"node": ">=18"
			},
			"funding": {
				"url": "https://github.com/sponsors/typicode"
			}
		}
	}
}
